{
    "_readme": [
        "This file locks the dependencies of your project to a known state",
        "Read more about it at https://getcomposer.org/doc/01-basic-usage.md#installing-dependencies",
        "This file is @generated automatically"
    ],
    "content-hash": "cc906137e89a7ef6ff6533d534ab360a",
    "packages": [
        {
            "name": "massfice/action",
            "version": "v1.0.9",
            "source": {
                "type": "git",
                "url": "https://github.com/Massfice/action.git",
                "reference": "c4312cb6b84c74a9214db05ac573713cc051cc2d"
            },
            "dist": {
                "type": "zip",
                "url": "https://api.github.com/repos/Massfice/action/zipball/c4312cb6b84c74a9214db05ac573713cc051cc2d",
                "reference": "c4312cb6b84c74a9214db05ac573713cc051cc2d",
                "shasum": ""
            },
            "require": {
                "massfice/response-status": "^v1.0"
            },
            "type": "library",
            "autoload": {
                "psr-4": {
                    "Massfice\\Action\\": "src/"
                }
            },
            "notification-url": "https://packagist.org/downloads/",
            "license": [
                "MIT"
            ],
            "authors": [
                {
                    "name": "Massfice",
                    "email": "adrian.marian.tomasz.larysz@gmail.com"
                }
            ],
            "description": "This package contains action interfaces and factiories. This is for my diploma project.",
            "time": "2020-03-01T19:36:41+00:00"
        },
        {
            "name": "massfice/action-executor",
            "version": "v1.0.3",
            "source": {
                "type": "git",
                "url": "https://github.com/Massfice/action-executor.git",
                "reference": "19d8a79bd97c4e47f93587da599c7299977035e3"
            },
            "dist": {
                "type": "zip",
                "url": "https://api.github.com/repos/Massfice/action-executor/zipball/19d8a79bd97c4e47f93587da599c7299977035e3",
                "reference": "19d8a79bd97c4e47f93587da599c7299977035e3",
                "shasum": ""
            },
            "require": {
                "massfice/action": "^v1.0",
                "massfice/response-status": "^v1.0"
            },
            "type": "library",
            "autoload": {
                "psr-4": {
                    "Massfice\\ActionExecutor\\": "src/"
                }
            },
            "notification-url": "https://packagist.org/downloads/",
            "license": [
                "MIT"
            ],
            "authors": [
                {
                    "name": "Massfice",
                    "email": "adrian.marian.tomasz.larysz@gmail.com"
                }
            ],
            "description": "Action executors for my diploma project.",
            "time": "2020-02-20T05:27:01+00:00"
        },
        {
            "name": "massfice/response-status",
            "version": "v1.0.4",
            "source": {
                "type": "git",
                "url": "https://github.com/Massfice/response-status.git",
                "reference": "fa010710117a7fa44a2eb39bc24254d875a0c799"
            },
            "dist": {
                "type": "zip",
                "url": "https://api.github.com/repos/Massfice/response-status/zipball/fa010710117a7fa44a2eb39bc24254d875a0c799",
                "reference": "fa010710117a7fa44a2eb39bc24254d875a0c799",
                "shasum": ""
            },
            "type": "library",
            "autoload": {
                "psr-4": {
                    "Massfice\\ResponseStatus\\": "src/"
                }
            },
            "notification-url": "https://packagist.org/downloads/",
            "license": [
                "MIT"
            ],
            "authors": [
                {
                    "name": "Massfice",
                    "email": "adrian.marian.tomasz.larysz@gmail.com"
                }
            ],
            "description": "Package contains response-status class, that contains info about validation status, response http code, errors array, messages, etc. Project for my diploma.",
            "time": "2020-02-20T05:19:53+00:00"
        }
    ],
    "packages-dev": [],
    "aliases": [],
    "minimum-stability": "stable",
    "stability-flags": [],
    "prefer-stable": false,
    "prefer-lowest": false,
    "platform": [],
    "platform-dev": []
}
