{
    "_readme": [
        "This file locks the dependencies of your project to a known state",
        "Read more about it at https://getcomposer.org/doc/01-basic-usage.md#installing-dependencies",
        "This file is @generated automatically"
    ],
    "content-hash": "9a960e8dac85f3c6f9a9b505391aa262",
    "packages": [
        {
            "name": "massfice/action",
            "version": "v1.0.3",
            "source": {
                "type": "git",
                "url": "https://github.com/Massfice/action.git",
                "reference": "b730885b2c7801c82582993a7cf4567ab54a736e"
            },
            "dist": {
                "type": "zip",
                "url": "https://api.github.com/repos/Massfice/action/zipball/b730885b2c7801c82582993a7cf4567ab54a736e",
                "reference": "b730885b2c7801c82582993a7cf4567ab54a736e",
                "shasum": ""
            },
            "require": {
                "massfice/response-status": "^1.0"
            },
            "type": "library",
            "autoload": {
                "psr-4": {
                    "Massfice\\Action\\": "src/"
                }
            },
            "notification-url": "https://packagist.org/downloads/",
            "license": [
                "MIT"
            ],
            "authors": [
                {
                    "name": "Massfice",
                    "email": "adrian.marian.tomasz.larysz@gmail.com"
                }
            ],
            "description": "This package contains action interfaces and factiories. This is for my diploma project.",
            "time": "2020-01-25T15:46:51+00:00"
        },
        {
            "name": "massfice/action-executor",
            "version": "v1.0.0",
            "source": {
                "type": "git",
                "url": "https://github.com/Massfice/action-executor.git",
                "reference": "41c7df32a856f45227cde56be3682c951e29fa05"
            },
            "dist": {
                "type": "zip",
                "url": "https://api.github.com/repos/Massfice/action-executor/zipball/41c7df32a856f45227cde56be3682c951e29fa05",
                "reference": "41c7df32a856f45227cde56be3682c951e29fa05",
                "shasum": ""
            },
            "require": {
                "massfice/action": "^1.0"
            },
            "type": "library",
            "autoload": {
                "psr-4": {
                    "Massfice\\ActionExecutor\\": "src/"
                }
            },
            "notification-url": "https://packagist.org/downloads/",
            "license": [
                "MIT"
            ],
            "authors": [
                {
                    "name": "Massfice",
                    "email": "adrian.marian.tomasz.larysz@gmail.com"
                }
            ],
            "description": "Action executors for my diploma project.",
            "time": "2020-01-22T22:22:02+00:00"
        },
        {
            "name": "massfice/response-status",
            "version": "v1.0.1",
            "source": {
                "type": "git",
                "url": "https://github.com/Massfice/response-status.git",
                "reference": "1befb6d9c233af9f76f8fbf4cd77774fc3d248cb"
            },
            "dist": {
                "type": "zip",
                "url": "https://api.github.com/repos/Massfice/response-status/zipball/1befb6d9c233af9f76f8fbf4cd77774fc3d248cb",
                "reference": "1befb6d9c233af9f76f8fbf4cd77774fc3d248cb",
                "shasum": ""
            },
            "type": "library",
            "autoload": {
                "psr-4": {
                    "Massfice\\ResponseStatus\\": "src/"
                }
            },
            "notification-url": "https://packagist.org/downloads/",
            "license": [
                "MIT"
            ],
            "authors": [
                {
                    "name": "Massfice",
                    "email": "adrian.marian.tomasz.larysz@gmail.com"
                }
            ],
            "description": "Package contains response-status class, that contains info about validation status, response http code, errors array, messages, etc. Project for my diploma.",
            "time": "2020-01-21T22:15:35+00:00"
        }
    ],
    "packages-dev": [],
    "aliases": [],
    "minimum-stability": "stable",
    "stability-flags": [],
    "prefer-stable": false,
    "prefer-lowest": false,
    "platform": [],
    "platform-dev": []
}
